// !$*UTF8*$!
{
	archiveVersion = 1;
	classes = {
	};
	objectVersion = 46;
	objects = {

/* Begin PBXBuildFile section */
		A38C46A51569893E000F7F5F /* UIKit.framework in Frameworks */ = {isa = PBXBuildFile; fileRef = A38C46A41569893E000F7F5F /* UIKit.framework */; };
		A38C46A71569893E000F7F5F /* Foundation.framework in Frameworks */ = {isa = PBXBuildFile; fileRef = A38C46A61569893E000F7F5F /* Foundation.framework */; };
		A38C46A91569893E000F7F5F /* CoreGraphics.framework in Frameworks */ = {isa = PBXBuildFile; fileRef = A38C46A81569893E000F7F5F /* CoreGraphics.framework */; };
		A38C46AF1569893E000F7F5F /* InfoPlist.strings in Resources */ = {isa = PBXBuildFile; fileRef = A38C46AD1569893E000F7F5F /* InfoPlist.strings */; };
		A38C46B11569893E000F7F5F /* main.m in Sources */ = {isa = PBXBuildFile; fileRef = A38C46B01569893E000F7F5F /* main.m */; };
		A38C46B51569893E000F7F5F /* SimpleAppDelegate.m in Sources */ = {isa = PBXBuildFile; fileRef = A38C46B41569893E000F7F5F /* SimpleAppDelegate.m */; };
		A38C46B81569893E000F7F5F /* SimpleViewController.m in Sources */ = {isa = PBXBuildFile; fileRef = A38C46B71569893E000F7F5F /* SimpleViewController.m */; };
		A38C46BB1569893E000F7F5F /* SimpleViewController.xib in Resources */ = {isa = PBXBuildFile; fileRef = A38C46B91569893E000F7F5F /* SimpleViewController.xib */; };
		A38C46C315698974000F7F5F /* BoundedBlockingQueue.m in Sources */ = {isa = PBXBuildFile; fileRef = A38C46C215698974000F7F5F /* BoundedBlockingQueue.m */; };
		A3E6B860156AC86D00E1AD6F /* Node.m in Sources */ = {isa = PBXBuildFile; fileRef = A3E6B85F156AC86D00E1AD6F /* Node.m */; };
		A3E6B863156ACA3500E1AD6F /* UnboundedBlockingQueue.m in Sources */ = {isa = PBXBuildFile; fileRef = A3E6B862156ACA3500E1AD6F /* UnboundedBlockingQueue.m */; };
/* End PBXBuildFile section */

/* Begin PBXFileReference section */
		A38C46A01569893E000F7F5F /* ThreadTest.app */ = {isa = PBXFileReference; explicitFileType = wrapper.application; includeInIndex = 0; path = ThreadTest.app; sourceTree = BUILT_PRODUCTS_DIR; };
		A38C46A41569893E000F7F5F /* UIKit.framework */ = {isa = PBXFileReference; lastKnownFileType = wrapper.framework; name = UIKit.framework; path = System/Library/Frameworks/UIKit.framework; sourceTree = SDKROOT; };
		A38C46A61569893E000F7F5F /* Foundation.framework */ = {isa = PBXFileReference; lastKnownFileType = wrapper.framework; name = Foundation.framework; path = System/Library/Frameworks/Foundation.framework; sourceTree = SDKROOT; };
		A38C46A81569893E000F7F5F /* CoreGraphics.framework */ = {isa = PBXFileReference; lastKnownFileType = wrapper.framework; name = CoreGraphics.framework; path = System/Library/Frameworks/CoreGraphics.framework; sourceTree = SDKROOT; };
		A38C46AC1569893E000F7F5F /* ThreadTest-Info.plist */ = {isa = PBXFileReference; lastKnownFileType = text.plist.xml; path = "ThreadTest-Info.plist"; sourceTree = "<group>"; };
		A38C46AE1569893E000F7F5F /* en */ = {isa = PBXFileReference; lastKnownFileType = text.plist.strings; name = en; path = en.lproj/InfoPlist.strings; sourceTree = "<group>"; };
		A38C46B01569893E000F7F5F /* main.m */ = {isa = PBXFileReference; lastKnownFileType = sourcecode.c.objc; path = main.m; sourceTree = "<group>"; };
		A38C46B21569893E000F7F5F /* ThreadTest-Prefix.pch */ = {isa = PBXFileReference; lastKnownFileType = sourcecode.c.h; path = "ThreadTest-Prefix.pch"; sourceTree = "<group>"; };
		A38C46B31569893E000F7F5F /* SimpleAppDelegate.h */ = {isa = PBXFileReference; lastKnownFileType = sourcecode.c.h; path = SimpleAppDelegate.h; sourceTree = "<group>"; };
		A38C46B41569893E000F7F5F /* SimpleAppDelegate.m */ = {isa = PBXFileReference; lastKnownFileType = sourcecode.c.objc; path = SimpleAppDelegate.m; sourceTree = "<group>"; };
		A38C46B61569893E000F7F5F /* SimpleViewController.h */ = {isa = PBXFileReference; lastKnownFileType = sourcecode.c.h; path = SimpleViewController.h; sourceTree = "<group>"; };
		A38C46B71569893E000F7F5F /* SimpleViewController.m */ = {isa = PBXFileReference; lastKnownFileType = sourcecode.c.objc; path = SimpleViewController.m; sourceTree = "<group>"; };
		A38C46BA1569893E000F7F5F /* en */ = {isa = PBXFileReference; lastKnownFileType = file.xib; name = en; path = en.lproj/SimpleViewController.xib; sourceTree = "<group>"; };
		A38C46C115698974000F7F5F /* BoundedBlockingQueue.h */ = {isa = PBXFileReference; fileEncoding = 4; lastKnownFileType = sourcecode.c.h; path = BoundedBlockingQueue.h; sourceTree = "<group>"; };
		A38C46C215698974000F7F5F /* BoundedBlockingQueue.m */ = {isa = PBXFileReference; fileEncoding = 4; lastKnownFileType = sourcecode.c.objc; path = BoundedBlockingQueue.m; sourceTree = "<group>"; };
		A3E6B85E156AC86D00E1AD6F /* Node.h */ = {isa = PBXFileReference; fileEncoding = 4; lastKnownFileType = sourcecode.c.h; path = Node.h; sourceTree = "<group>"; };
		A3E6B85F156AC86D00E1AD6F /* Node.m */ = {isa = PBXFileReference; fileEncoding = 4; lastKnownFileType = sourcecode.c.objc; path = Node.m; sourceTree = "<group>"; };
		A3E6B861156ACA3500E1AD6F /* UnboundedBlockingQueue.h */ = {isa = PBXFileReference; fileEncoding = 4; lastKnownFileType = sourcecode.c.h; path = UnboundedBlockingQueue.h; sourceTree = "<group>"; };
		A3E6B862156ACA3500E1AD6F /* UnboundedBlockingQueue.m */ = {isa = PBXFileReference; fileEncoding = 4; lastKnownFileType = sourcecode.c.objc; path = UnboundedBlockingQueue.m; sourceTree = "<group>"; };
/* End PBXFileReference section */

/* Begin PBXFrameworksBuildPhase section */
		A38C469D1569893E000F7F5F /* Frameworks */ = {
			isa = PBXFrameworksBuildPhase;
			buildActionMask = 2147483647;
			files = (
				A38C46A51569893E000F7F5F /* UIKit.framework in Frameworks */,
				A38C46A71569893E000F7F5F /* Foundation.framework in Frameworks */,
				A38C46A91569893E000F7F5F /* CoreGraphics.framework in Frameworks */,
			);
			runOnlyForDeploymentPostprocessing = 0;
		};
/* End PBXFrameworksBuildPhase section */

/* Begin PBXGroup section */
		A38C46951569893D000F7F5F = {
			isa = PBXGroup;
			children = (
				A38C46AA1569893E000F7F5F /* ThreadTest */,
				A38C46A31569893E000F7F5F /* Frameworks */,
				A38C46A11569893E000F7F5F /* Products */,
			);
			sourceTree = "<group>";
		};
		A38C46A11569893E000F7F5F /* Products */ = {
			isa = PBXGroup;
			children = (
				A38C46A01569893E000F7F5F /* ThreadTest.app */,
			);
			name = Products;
			sourceTree = "<group>";
		};
		A38C46A31569893E000F7F5F /* Frameworks */ = {
			isa = PBXGroup;
			children = (
				A38C46A41569893E000F7F5F /* UIKit.framework */,
				A38C46A61569893E000F7F5F /* Foundation.framework */,
				A38C46A81569893E000F7F5F /* CoreGraphics.framework */,
			);
			name = Frameworks;
			sourceTree = "<group>";
		};
		A38C46AA1569893E000F7F5F /* ThreadTest */ = {
			isa = PBXGroup;
			children = (
				A38C46B31569893E000F7F5F /* SimpleAppDelegate.h */,
				A38C46B41569893E000F7F5F /* SimpleAppDelegate.m */,
				A38C46B61569893E000F7F5F /* SimpleViewController.h */,
				A38C46B71569893E000F7F5F /* SimpleViewController.m */,
				A38C46B91569893E000F7F5F /* SimpleViewController.xib */,
				A38C46AB1569893E000F7F5F /* Supporting Files */,
				A38C46C115698974000F7F5F /* BoundedBlockingQueue.h */,
				A38C46C215698974000F7F5F /* BoundedBlockingQueue.m */,
				A3E6B85E156AC86D00E1AD6F /* Node.h */,
				A3E6B85F156AC86D00E1AD6F /* Node.m */,
				A3E6B861156ACA3500E1AD6F /* UnboundedBlockingQueue.h */,
				A3E6B862156ACA3500E1AD6F /* UnboundedBlockingQueue.m */,
			);
			path = ThreadTest;
			sourceTree = "<group>";
		};
		A38C46AB1569893E000F7F5F /* Supporting Files */ = {
			isa = PBXGroup;
			children = (
				A38C46AC1569893E000F7F5F /* ThreadTest-Info.plist */,
				A38C46AD1569893E000F7F5F /* InfoPlist.strings */,
				A38C46B01569893E000F7F5F /* main.m */,
				A38C46B21569893E000F7F5F /* ThreadTest-Prefix.pch */,
			);
			name = "Supporting Files";
			sourceTree = "<group>";
		};
/* End PBXGroup section */

/* Begin PBXNativeTarget section */
		A38C469F1569893E000F7F5F /* ThreadTest */ = {
			isa = PBXNativeTarget;
			buildConfigurationList = A38C46BE1569893E000F7F5F /* Build configuration list for PBXNativeTarget "ThreadTest" */;
			buildPhases = (
				A38C469C1569893E000F7F5F /* Sources */,
				A38C469D1569893E000F7F5F /* Frameworks */,
				A38C469E1569893E000F7F5F /* Resources */,
			);
			buildRules = (
			);
			dependencies = (
			);
			name = ThreadTest;
			productName = ThreadTest;
			productReference = A38C46A01569893E000F7F5F /* ThreadTest.app */;
			productType = "com.apple.product-type.application";
		};
/* End PBXNativeTarget section */

/* Begin PBXProject section */
		A38C46971569893D000F7F5F /* Project object */ = {
			isa = PBXProject;
			attributes = {
				CLASSPREFIX = Simple;
				LastUpgradeCheck = 0430;
				ORGANIZATIONNAME = Self;
			};
			buildConfigurationList = A38C469A1569893D000F7F5F /* Build configuration list for PBXProject "ThreadTest" */;
			compatibilityVersion = "Xcode 3.2";
			developmentRegion = English;
			hasScannedForEncodings = 0;
			knownRegions = (
				en,
			);
			mainGroup = A38C46951569893D000F7F5F;
			productRefGroup = A38C46A11569893E000F7F5F /* Products */;
			projectDirPath = "";
			projectRoot = "";
			targets = (
				A38C469F1569893E000F7F5F /* ThreadTest */,
			);
		};
/* End PBXProject section */

/* Begin PBXResourcesBuildPhase section */
		A38C469E1569893E000F7F5F /* Resources */ = {
			isa = PBXResourcesBuildPhase;
			buildActionMask = 2147483647;
			files = (
				A38C46AF1569893E000F7F5F /* InfoPlist.strings in Resources */,
				A38C46BB1569893E000F7F5F /* SimpleViewController.xib in Resources */,
			);
			runOnlyForDeploymentPostprocessing = 0;
		};
/* End PBXResourcesBuildPhase section */

/* Begin PBXSourcesBuildPhase section */
		A38C469C1569893E000F7F5F /* Sources */ = {
			isa = PBXSourcesBuildPhase;
			buildActionMask = 2147483647;
			files = (
				A38C46B11569893E000F7F5F /* main.m in Sources */,
				A38C46B51569893E000F7F5F /* SimpleAppDelegate.m in Sources */,
				A38C46B81569893E000F7F5F /* SimpleViewController.m in Sources */,
				A38C46C315698974000F7F5F /* BoundedBlockingQueue.m in Sources */,
				A3E6B860156AC86D00E1AD6F /* Node.m in Sources */,
				A3E6B863156ACA3500E1AD6F /* UnboundedBlockingQueue.m in Sources */,
			);
			runOnlyForDeploymentPostprocessing = 0;
		};
/* End PBXSourcesBuildPhase section */

/* Begin PBXVariantGroup section */
		A38C46AD1569893E000F7F5F /* InfoPlist.strings */ = {
			isa = PBXVariantGroup;
			children = (
				A38C46AE1569893E000F7F5F /* en */,
			);
			name = InfoPlist.strings;
			sourceTree = "<group>";
		};
		A38C46B91569893E000F7F5F /* SimpleViewController.xib */ = {
			isa = PBXVariantGroup;
			children = (
				A38C46BA1569893E000F7F5F /* en */,
			);
			name = SimpleViewController.xib;
			sourceTree = "<group>";
		};
/* End PBXVariantGroup section */

/* Begin XCBuildConfiguration section */
		A38C46BC1569893E000F7F5F /* Debug */ = {
			isa = XCBuildConfiguration;
			buildSettings = {
				ALWAYS_SEARCH_USER_PATHS = NO;
				ARCHS = "$(ARCHS_STANDARD_32_BIT)";
				CLANG_ENABLE_OBJC_ARC = YES;
				"CODE_SIGN_IDENTITY[sdk=iphoneos*]" = "iPhone Developer";
				COPY_PHASE_STRIP = NO;
				GCC_C_LANGUAGE_STANDARD = gnu99;
				GCC_DYNAMIC_NO_PIC = NO;
				GCC_OPTIMIZATION_LEVEL = 0;
				GCC_PREPROCESSOR_DEFINITIONS = (
					"DEBUG=1",
					"$(inherited)",
				);
				GCC_SYMBOLS_PRIVATE_EXTERN = NO;
				GCC_VERSION = com.apple.compilers.llvm.clang.1_0;
				GCC_WARN_ABOUT_RETURN_TYPE = YES;
				GCC_WARN_UNINITIALIZED_AUTOS = YES;
				GCC_WARN_UNUSED_VARIABLE = YES;
				IPHONEOS_DEPLOYMENT_TARGET = 5.1;
				SDKROOT = iphoneos;
			};
			name = Debug;
		};
		A38C46BD1569893E000F7F5F /* Release */ = {
			isa = XCBuildConfiguration;
			buildSettings = {
				ALWAYS_SEARCH_USER_PATHS = NO;
				ARCHS = "$(ARCHS_STANDARD_32_BIT)";
				CLANG_ENABLE_OBJC_ARC = YES;
				"CODE_SIGN_IDENTITY[sdk=iphoneos*]" = "iPhone Developer";
				COPY_PHASE_STRIP = YES;
				GCC_C_LANGUAGE_STANDARD = gnu99;
				GCC_VERSION = com.apple.compilers.llvm.clang.1_0;
				GCC_WARN_ABOUT_RETURN_TYPE = YES;
				GCC_WARN_UNINITIALIZED_AUTOS = YES;
				GCC_WARN_UNUSED_VARIABLE = YES;
				IPHONEOS_DEPLOYMENT_TARGET = 5.1;
				OTHER_CFLAGS = "-DNS_BLOCK_ASSERTIONS=1";
				SDKROOT = iphoneos;
				VALIDATE_PRODUCT = YES;
			};
			name = Release;
		};
		A38C46BF1569893E000F7F5F /* Debug */ = {
			isa = XCBuildConfiguration;
			buildSettings = {
				GCC_PRECOMPILE_PREFIX_HEADER = YES;
				GCC_PREFIX_HEADER = "ThreadTest/ThreadTest-Prefix.pch";
				INFOPLIST_FILE = "ThreadTest/ThreadTest-Info.plist";
				PRODUCT_NAME = "$(TARGET_NAME)";
				WRAPPER_EXTENSION = app;
			};
			name = Debug;
		};
		A38C46C01569893E000F7F5F /* Release */ = {
			isa = XCBuildConfiguration;
			buildSettings = {
				GCC_PRECOMPILE_PREFIX_HEADER = YES;
				GCC_PREFIX_HEADER = "ThreadTest/ThreadTest-Prefix.pch";
				INFOPLIST_FILE = "ThreadTest/ThreadTest-Info.plist";
				PRODUCT_NAME = "$(TARGET_NAME)";
				WRAPPER_EXTENSION = app;
			};
			name = Release;
		};
/* End XCBuildConfiguration section */

/* Begin XCConfigurationList section */
		A38C469A1569893D000F7F5F /* Build configuration list for PBXProject "ThreadTest" */ = {
			isa = XCConfigurationList;
			buildConfigurations = (
				A38C46BC1569893E000F7F5F /* Debug */,
				A38C46BD1569893E000F7F5F /* Release */,
			);
			defaultConfigurationIsVisible = 0;
			defaultConfigurationName = Release;
		};
		A38C46BE1569893E000F7F5F /* Build configuration list for PBXNativeTarget "ThreadTest" */ = {
			isa = XCConfigurationList;
			buildConfigurations = (
				A38C46BF1569893E000F7F5F /* Debug */,
				A38C46C01569893E000F7F5F /* Release */,
			);
			defaultConfigurationIsVisible = 0;
			defaultConfigurationName = Release;
		};
/* End XCConfigurationList section */
	};
	rootObject = A38C46971569893D000F7F5F /* Project object */;
}
